
Microsoft Visual Studio Solution File, Format Version 12.00
# Visual Studio Version 17
VisualStudioVersion = 17.0.32014.148
MinimumVisualStudioVersion = 10.0.40219.1
Project("{9A19103F-16F7-4668-BE54-9A1E7A4F7556}") = "DenryuVersus", "DenryuVersus.csproj", "{1FBA8CDE-59C8-4592-AAAD-54FCA7FE4454}"
EndProject
Global
	GlobalSection(SolutionConfigurationPlatforms) = preSolution
		Debug|Any CPU = Debug|Any CPU
		ExportDebug|Any CPU = ExportDebug|Any CPU
		ExportRelease|Any CPU = ExportRelease|Any CPU
	EndGlobalSection
	GlobalSection(ProjectConfigurationPlatforms) = postSolution
		{1FBA8CDE-59C8-4592-AAAD-54FCA7FE4454}.Debug|Any CPU.ActiveCfg = Debug|Any CPU
		{1FBA8CDE-59C8-4592-AAAD-54FCA7FE4454}.Debug|Any CPU.Build.0 = Debug|Any CPU
		{1FBA8CDE-59C8-4592-AAAD-54FCA7FE4454}.ExportDebug|Any CPU.ActiveCfg = ExportDebug|Any CPU
		{1FBA8CDE-59C8-4592-AAAD-54FCA7FE4454}.ExportDebug|Any CPU.Build.0 = ExportDebug|Any CPU
		{1FBA8CDE-59C8-4592-AAAD-54FCA7FE4454}.ExportRelease|Any CPU.ActiveCfg = ExportRelease|Any CPU
		{1FBA8CDE-59C8-4592-AAAD-54FCA7FE4454}.ExportRelease|Any CPU.Build.0 = ExportRelease|Any CPU
	EndGlobalSection
	GlobalSection(SolutionProperties) = preSolution
		HideSolutionNode = FALSE
	EndGlobalSection
	GlobalSection(ExtensibilityGlobals) = postSolution
		SolutionGuid = {E59A5F10-3C13-4246-B857-5124287CDA52}
	EndGlobalSection
EndGlobal
